
Microsoft Visual Studio Solution File, Format Version 12.00
# Visual Studio Version 18
VisualStudioVersion = 18.5.11723.231 stable
MinimumVisualStudioVersion = 10.0.40219.1
Project("{FAE04EC0-301F-11D3-BF4B-00C04F79EFBC}") = "SecLock", "SecLock.csproj", "{C3DDBFFF-9F62-9208-5ED4-2854BDB1ED5E}"
EndProject
Global
	GlobalSection(SolutionConfigurationPlatforms) = preSolution
		Debug|Any CPU = Debug|Any CPU
		Release|Any CPU = Release|Any CPU
	EndGlobalSection
	GlobalSection(ProjectConfigurationPlatforms) = postSolution
		{C3DDBFFF-9F62-9208-5ED4-2854BDB1ED5E}.Debug|Any CPU.ActiveCfg = Debug|Any CPU
		{C3DDBFFF-9F62-9208-5ED4-2854BDB1ED5E}.Debug|Any CPU.Build.0 = Debug|Any CPU
		{C3DDBFFF-9F62-9208-5ED4-2854BDB1ED5E}.Release|Any CPU.ActiveCfg = Release|Any CPU
		{C3DDBFFF-9F62-9208-5ED4-2854BDB1ED5E}.Release|Any CPU.Build.0 = Release|Any CPU
	EndGlobalSection
	GlobalSection(SolutionProperties) = preSolution
		HideSolutionNode = FALSE
	EndGlobalSection
	GlobalSection(ExtensibilityGlobals) = postSolution
		SolutionGuid = {7B66CE88-63B9-4178-B832-DEAA22643375}
	EndGlobalSection
EndGlobal
